# This file was autogenerated by Stack.
# You should not edit this file by hand.
# For more information, please see the documentation at:
#   https://docs.haskellstack.org/en/stable/lock_files

packages:
- completed:
    hackage: sbv-10.12@sha256:b4642dfef053e15ad3628ea517298ba4afd6f3f994bd0d6021ea6e647bf49383,24547
    pantry-tree:
      sha256: 1d061bfb8d77ee81316c05e0091b0cb3982946b7ea2b8f32d814256a762eb774
      size: 72702
  original:
    hackage: sbv-10.12
snapshots:
- completed:
    sha256: 08bd13ce621b41a8f5e51456b38d5b46d7783ce114a50ab604d6bbab0d002146
    size: 720271
    url: https://raw.githubusercontent.com/commercialhaskell/stackage-snapshots/master/lts/22/43.yaml
  original: lts-22.43
