# This file was autogenerated by Stack.
# You should not edit this file by hand.
# For more information, please see the documentation at:
#   https://docs.haskellstack.org/en/stable/lock_files

packages:
- completed:
    hackage: ghc-lib-parser-9.2.5.20221107@sha256:462cba52f8ad68c7de99e72e3d8e65bec41c8234de37dd68e0c676f3bac32888,12741
    pantry-tree:
      sha256: b93bcd1e384403568fc91a6bd15d840a6452f7d3833edde9d4777b897c9753a9
      size: 27633
  original:
    hackage: ghc-lib-parser-9.2.5.20221107@sha256:462cba52f8ad68c7de99e72e3d8e65bec41c8234de37dd68e0c676f3bac32888,12741
- completed:
    hackage: ghc-lib-parser-ex-9.2.1.1@sha256:5c8a31fd7fa1f7c4f4f191c869007bf64eb2e12575f6874cd59ebeec83ae177d,3493
    pantry-tree:
      sha256: 508d3e70a5002ce9b4a3ddf00c71cb4ff8716c953e29524bea03f791e3b31ad5
      size: 1954
  original:
    hackage: ghc-lib-parser-ex-9.2.1.1@sha256:5c8a31fd7fa1f7c4f4f191c869007bf64eb2e12575f6874cd59ebeec83ae177d,3493
snapshots:
- completed:
    sha256: 6d1532d40621957a25bad5195bfca7938e8a06d923c91bc52aa0f3c41181f2d4
    size: 619204
    url: https://raw.githubusercontent.com/commercialhaskell/stackage-snapshots/master/lts/19/33.yaml
  original:
    url: https://raw.githubusercontent.com/commercialhaskell/stackage-snapshots/master/lts/19/33.yaml
